github.com/fuzxxl/nfc/v2 v2.1.3 h1:o9AEgWNshQPegC/mUV1HmzyBn9c937q5BCoc6Sa/gOc=
github.com/fuzxxl/nfc/v2 v2.1.3/go.mod h1:I11FBJg/xqZnMu029uRebpKgaEx0N5Oe8AH+3L8e6Sk=
github.com/hsanjuan/go-ndef v0.0.0-20200427083122-ed2ec78872c2 h1:vD5XRdtY0L0VIC8OnKl0cUOxAqmqZAJBWtpPCzhPNII=
github.com/hsanjuan/go-ndef v0.0.0-20200427083122-ed2ec78872c2/go.mod h1:wOExypaXLIhVmuGz5DvyEaHdMRcp5bQkgj6yiHlsMj0=
github.com/hsanjuan/go-ndef v0.0.1 h1:un1E9jEVa0t8j33qT2JFfseOAI3MikbrkmMEn9Lx0Wk=
github.com/hsanjuan/go-ndef v0.0.1/go.mod h1:LqYM55xXg5wubrxucAxkuK8nW+wjFCCZNyfsd9lPR+Q=
